// !$*UTF8*$!
{
	archiveVersion = 1;
	classes = {
	};
	objectVersion = 50;
	objects = {

/* Begin PBXBuildFile section */
		202CC19C21FA579A007EA019 /* Grid.swift in Sources */ = {isa = PBXBuildFile; fileRef = 202CC19B21FA579A007EA019 /* Grid.swift */; };
		202CC19E21FA5CE0007EA019 /* SetCardView.swift in Sources */ = {isa = PBXBuildFile; fileRef = 202CC19D21FA5CE0007EA019 /* SetCardView.swift */; };
		202CC1A021FB069D007EA019 /* PlaygroundView.swift in Sources */ = {isa = PBXBuildFile; fileRef = 202CC19F21FB069D007EA019 /* PlaygroundView.swift */; };
		20C376C221AF22250065DEE4 /* AppDelegate.swift in Sources */ = {isa = PBXBuildFile; fileRef = 20C376C121AF22250065DEE4 /* AppDelegate.swift */; };
		20C376C421AF22250065DEE4 /* SetViewController.swift in Sources */ = {isa = PBXBuildFile; fileRef = 20C376C321AF22250065DEE4 /* SetViewController.swift */; };
		20C376C721AF22250065DEE4 /* Main.storyboard in Resources */ = {isa = PBXBuildFile; fileRef = 20C376C521AF22250065DEE4 /* Main.storyboard */; };
		20C376C921AF22260065DEE4 /* Assets.xcassets in Resources */ = {isa = PBXBuildFile; fileRef = 20C376C821AF22260065DEE4 /* Assets.xcassets */; };
		20C376CC21AF22260065DEE4 /* LaunchScreen.storyboard in Resources */ = {isa = PBXBuildFile; fileRef = 20C376CA21AF22260065DEE4 /* LaunchScreen.storyboard */; };
		20C376D521AF25400065DEE4 /* SetGame.swift in Sources */ = {isa = PBXBuildFile; fileRef = 20C376D421AF25400065DEE4 /* SetGame.swift */; };
		20C376D721AF25740065DEE4 /* Card.swift in Sources */ = {isa = PBXBuildFile; fileRef = 20C376D621AF25740065DEE4 /* Card.swift */; };
/* End PBXBuildFile section */

/* Begin PBXFileReference section */
		202CC19B21FA579A007EA019 /* Grid.swift */ = {isa = PBXFileReference; fileEncoding = 4; lastKnownFileType = sourcecode.swift; path = Grid.swift; sourceTree = "<group>"; };
		202CC19D21FA5CE0007EA019 /* SetCardView.swift */ = {isa = PBXFileReference; lastKnownFileType = sourcecode.swift; path = SetCardView.swift; sourceTree = "<group>"; };
		202CC19F21FB069D007EA019 /* PlaygroundView.swift */ = {isa = PBXFileReference; lastKnownFileType = sourcecode.swift; path = PlaygroundView.swift; sourceTree = "<group>"; };
		20C376BE21AF22250065DEE4 /* SetGame.app */ = {isa = PBXFileReference; explicitFileType = wrapper.application; includeInIndex = 0; path = SetGame.app; sourceTree = BUILT_PRODUCTS_DIR; };
		20C376C121AF22250065DEE4 /* AppDelegate.swift */ = {isa = PBXFileReference; lastKnownFileType = sourcecode.swift; path = AppDelegate.swift; sourceTree = "<group>"; };
		20C376C321AF22250065DEE4 /* SetViewController.swift */ = {isa = PBXFileReference; lastKnownFileType = sourcecode.swift; path = SetViewController.swift; sourceTree = "<group>"; };
		20C376C621AF22250065DEE4 /* Base */ = {isa = PBXFileReference; lastKnownFileType = file.storyboard; name = Base; path = Base.lproj/Main.storyboard; sourceTree = "<group>"; };
		20C376C821AF22260065DEE4 /* Assets.xcassets */ = {isa = PBXFileReference; lastKnownFileType = folder.assetcatalog; path = Assets.xcassets; sourceTree = "<group>"; };
		20C376CB21AF22260065DEE4 /* Base */ = {isa = PBXFileReference; lastKnownFileType = file.storyboard; name = Base; path = Base.lproj/LaunchScreen.storyboard; sourceTree = "<group>"; };
		20C376CD21AF22260065DEE4 /* Info.plist */ = {isa = PBXFileReference; lastKnownFileType = text.plist.xml; path = Info.plist; sourceTree = "<group>"; };
		20C376D421AF25400065DEE4 /* SetGame.swift */ = {isa = PBXFileReference; lastKnownFileType = sourcecode.swift; path = SetGame.swift; sourceTree = "<group>"; };
		20C376D621AF25740065DEE4 /* Card.swift */ = {isa = PBXFileReference; lastKnownFileType = sourcecode.swift; path = Card.swift; sourceTree = "<group>"; };
/* End PBXFileReference section */

/* Begin PBXFrameworksBuildPhase section */
		20C376BB21AF22250065DEE4 /* Frameworks */ = {
			isa = PBXFrameworksBuildPhase;
			buildActionMask = 2147483647;
			files = (
			);
			runOnlyForDeploymentPostprocessing = 0;
		};
/* End PBXFrameworksBuildPhase section */

/* Begin PBXGroup section */
		20C376B521AF22250065DEE4 = {
			isa = PBXGroup;
			children = (
				20C376C021AF22250065DEE4 /* SetGame */,
				20C376BF21AF22250065DEE4 /* Products */,
			);
			sourceTree = "<group>";
		};
		20C376BF21AF22250065DEE4 /* Products */ = {
			isa = PBXGroup;
			children = (
				20C376BE21AF22250065DEE4 /* SetGame.app */,
			);
			name = Products;
			sourceTree = "<group>";
		};
		20C376C021AF22250065DEE4 /* SetGame */ = {
			isa = PBXGroup;
			children = (
				20C376D321AF223E0065DEE4 /* Supporting Files */,
				20C376C321AF22250065DEE4 /* SetViewController.swift */,
				202CC19B21FA579A007EA019 /* Grid.swift */,
				202CC19D21FA5CE0007EA019 /* SetCardView.swift */,
				20C376D421AF25400065DEE4 /* SetGame.swift */,
				20C376D621AF25740065DEE4 /* Card.swift */,
				20C376C521AF22250065DEE4 /* Main.storyboard */,
				202CC19F21FB069D007EA019 /* PlaygroundView.swift */,
				20C376CD21AF22260065DEE4 /* Info.plist */,
			);
			path = SetGame;
			sourceTree = "<group>";
		};
		20C376D321AF223E0065DEE4 /* Supporting Files */ = {
			isa = PBXGroup;
			children = (
				20C376C821AF22260065DEE4 /* Assets.xcassets */,
				20C376C121AF22250065DEE4 /* AppDelegate.swift */,
				20C376CA21AF22260065DEE4 /* LaunchScreen.storyboard */,
			);
			path = "Supporting Files";
			sourceTree = "<group>";
		};
/* End PBXGroup section */

/* Begin PBXNativeTarget section */
		20C376BD21AF22250065DEE4 /* SetGame */ = {
			isa = PBXNativeTarget;
			buildConfigurationList = 20C376D021AF22260065DEE4 /* Build configuration list for PBXNativeTarget "SetGame" */;
			buildPhases = (
				20C376BA21AF22250065DEE4 /* Sources */,
				20C376BB21AF22250065DEE4 /* Frameworks */,
				20C376BC21AF22250065DEE4 /* Resources */,
			);
			buildRules = (
			);
			dependencies = (
			);
			name = SetGame;
			productName = SetGame;
			productReference = 20C376BE21AF22250065DEE4 /* SetGame.app */;
			productType = "com.apple.product-type.application";
		};
/* End PBXNativeTarget section */

/* Begin PBXProject section */
		20C376B621AF22250065DEE4 /* Project object */ = {
			isa = PBXProject;
			attributes = {
				LastSwiftUpdateCheck = 1010;
				LastUpgradeCheck = 1010;
				ORGANIZATIONNAME = Iksanov;
				TargetAttributes = {
					20C376BD21AF22250065DEE4 = {
						CreatedOnToolsVersion = 10.1;
					};
				};
			};
			buildConfigurationList = 20C376B921AF22250065DEE4 /* Build configuration list for PBXProject "SetGame" */;
			compatibilityVersion = "Xcode 9.3";
			developmentRegion = en;
			hasScannedForEncodings = 0;
			knownRegions = (
				en,
				Base,
			);
			mainGroup = 20C376B521AF22250065DEE4;
			productRefGroup = 20C376BF21AF22250065DEE4 /* Products */;
			projectDirPath = "";
			projectRoot = "";
			targets = (
				20C376BD21AF22250065DEE4 /* SetGame */,
			);
		};
/* End PBXProject section */

/* Begin PBXResourcesBuildPhase section */
		20C376BC21AF22250065DEE4 /* Resources */ = {
			isa = PBXResourcesBuildPhase;
			buildActionMask = 2147483647;
			files = (
				20C376CC21AF22260065DEE4 /* LaunchScreen.storyboard in Resources */,
				20C376C921AF22260065DEE4 /* Assets.xcassets in Resources */,
				20C376C721AF22250065DEE4 /* Main.storyboard in Resources */,
			);
			runOnlyForDeploymentPostprocessing = 0;
		};
/* End PBXResourcesBuildPhase section */

/* Begin PBXSourcesBuildPhase section */
		20C376BA21AF22250065DEE4 /* Sources */ = {
			isa = PBXSourcesBuildPhase;
			buildActionMask = 2147483647;
			files = (
				202CC1A021FB069D007EA019 /* PlaygroundView.swift in Sources */,
				20C376C421AF22250065DEE4 /* SetViewController.swift in Sources */,
				202CC19E21FA5CE0007EA019 /* SetCardView.swift in Sources */,
				20C376D521AF25400065DEE4 /* SetGame.swift in Sources */,
				20C376C221AF22250065DEE4 /* AppDelegate.swift in Sources */,
				202CC19C21FA579A007EA019 /* Grid.swift in Sources */,
				20C376D721AF25740065DEE4 /* Card.swift in Sources */,
			);
			runOnlyForDeploymentPostprocessing = 0;
		};
/* End PBXSourcesBuildPhase section */

/* Begin PBXVariantGroup section */
		20C376C521AF22250065DEE4 /* Main.storyboard */ = {
			isa = PBXVariantGroup;
			children = (
				20C376C621AF22250065DEE4 /* Base */,
			);
			name = Main.storyboard;
			sourceTree = "<group>";
		};
		20C376CA21AF22260065DEE4 /* LaunchScreen.storyboard */ = {
			isa = PBXVariantGroup;
			children = (
				20C376CB21AF22260065DEE4 /* Base */,
			);
			name = LaunchScreen.storyboard;
			sourceTree = "<group>";
		};
/* End PBXVariantGroup section */

/* Begin XCBuildConfiguration section */
		20C376CE21AF22260065DEE4 /* Debug */ = {
			isa = XCBuildConfiguration;
			buildSettings = {
				ALWAYS_SEARCH_USER_PATHS = NO;
				CLANG_ANALYZER_NONNULL = YES;
				CLANG_ANALYZER_NUMBER_OBJECT_CONVERSION = YES_AGGRESSIVE;
				CLANG_CXX_LANGUAGE_STANDARD = "gnu++14";
				CLANG_CXX_LIBRARY = "libc++";
				CLANG_ENABLE_MODULES = YES;
				CLANG_ENABLE_OBJC_ARC = YES;
				CLANG_ENABLE_OBJC_WEAK = YES;
				CLANG_WARN_BLOCK_CAPTURE_AUTORELEASING = YES;
				CLANG_WARN_BOOL_CONVERSION = YES;
				CLANG_WARN_COMMA = YES;
				CLANG_WARN_CONSTANT_CONVERSION = YES;
				CLANG_WARN_DEPRECATED_OBJC_IMPLEMENTATIONS = YES;
				CLANG_WARN_DIRECT_OBJC_ISA_USAGE = YES_ERROR;
				CLANG_WARN_DOCUMENTATION_COMMENTS = YES;
				CLANG_WARN_EMPTY_BODY = YES;
				CLANG_WARN_ENUM_CONVERSION = YES;
				CLANG_WARN_INFINITE_RECURSION = YES;
				CLANG_WARN_INT_CONVERSION = YES;
				CLANG_WARN_NON_LITERAL_NULL_CONVERSION = YES;
				CLANG_WARN_OBJC_IMPLICIT_RETAIN_SELF = YES;
				CLANG_WARN_OBJC_LITERAL_CONVERSION = YES;
				CLANG_WARN_OBJC_ROOT_CLASS = YES_ERROR;
				CLANG_WARN_RANGE_LOOP_ANALYSIS = YES;
				CLANG_WARN_STRICT_PROTOTYPES = YES;
				CLANG_WARN_SUSPICIOUS_MOVE = YES;
				CLANG_WARN_UNGUARDED_AVAILABILITY = YES_AGGRESSIVE;
				CLANG_WARN_UNREACHABLE_CODE = YES;
				CLANG_WARN__DUPLICATE_METHOD_MATCH = YES;
				CODE_SIGN_IDENTITY = "iPhone Developer";
				COPY_PHASE_STRIP = NO;
				DEBUG_INFORMATION_FORMAT = dwarf;
				ENABLE_STRICT_OBJC_MSGSEND = YES;
				ENABLE_TESTABILITY = YES;
				GCC_C_LANGUAGE_STANDARD = gnu11;
				GCC_DYNAMIC_NO_PIC = NO;
				GCC_NO_COMMON_BLOCKS = YES;
				GCC_OPTIMIZATION_LEVEL = 0;
				GCC_PREPROCESSOR_DEFINITIONS = (
					"DEBUG=1",
					"$(inherited)",
				);
				GCC_WARN_64_TO_32_BIT_CONVERSION = YES;
				GCC_WARN_ABOUT_RETURN_TYPE = YES_ERROR;
				GCC_WARN_UNDECLARED_SELECTOR = YES;
				GCC_WARN_UNINITIALIZED_AUTOS = YES_AGGRESSIVE;
				GCC_WARN_UNUSED_FUNCTION = YES;
				GCC_WARN_UNUSED_VARIABLE = YES;
				IPHONEOS_DEPLOYMENT_TARGET = 12.1;
				MTL_ENABLE_DEBUG_INFO = INCLUDE_SOURCE;
				MTL_FAST_MATH = YES;
				ONLY_ACTIVE_ARCH = YES;
				SDKROOT = iphoneos;
				SWIFT_ACTIVE_COMPILATION_CONDITIONS = DEBUG;
				SWIFT_OPTIMIZATION_LEVEL = "-Onone";
			};
			name = Debug;
		};
		20C376CF21AF22260065DEE4 /* Release */ = {
			isa = XCBuildConfiguration;
			buildSettings = {
				ALWAYS_SEARCH_USER_PATHS = NO;
				CLANG_ANALYZER_NONNULL = YES;
				CLANG_ANALYZER_NUMBER_OBJECT_CONVERSION = YES_AGGRESSIVE;
				CLANG_CXX_LANGUAGE_STANDARD = "gnu++14";
				CLANG_CXX_LIBRARY = "libc++";
				CLANG_ENABLE_MODULES = YES;
				CLANG_ENABLE_OBJC_ARC = YES;
				CLANG_ENABLE_OBJC_WEAK = YES;
				CLANG_WARN_BLOCK_CAPTURE_AUTORELEASING = YES;
				CLANG_WARN_BOOL_CONVERSION = YES;
				CLANG_WARN_COMMA = YES;
				CLANG_WARN_CONSTANT_CONVERSION = YES;
				CLANG_WARN_DEPRECATED_OBJC_IMPLEMENTATIONS = YES;
				CLANG_WARN_DIRECT_OBJC_ISA_USAGE = YES_ERROR;
				CLANG_WARN_DOCUMENTATION_COMMENTS = YES;
				CLANG_WARN_EMPTY_BODY = YES;
				CLANG_WARN_ENUM_CONVERSION = YES;
				CLANG_WARN_INFINITE_RECURSION = YES;
				CLANG_WARN_INT_CONVERSION = YES;
				CLANG_WARN_NON_LITERAL_NULL_CONVERSION = YES;
				CLANG_WARN_OBJC_IMPLICIT_RETAIN_SELF = YES;
				CLANG_WARN_OBJC_LITERAL_CONVERSION = YES;
				CLANG_WARN_OBJC_ROOT_CLASS = YES_ERROR;
				CLANG_WARN_RANGE_LOOP_ANALYSIS = YES;
				CLANG_WARN_STRICT_PROTOTYPES = YES;
				CLANG_WARN_SUSPICIOUS_MOVE = YES;
				CLANG_WARN_UNGUARDED_AVAILABILITY = YES_AGGRESSIVE;
				CLANG_WARN_UNREACHABLE_CODE = YES;
				CLANG_WARN__DUPLICATE_METHOD_MATCH = YES;
				CODE_SIGN_IDENTITY = "iPhone Developer";
				COPY_PHASE_STRIP = NO;
				DEBUG_INFORMATION_FORMAT = "dwarf-with-dsym";
				ENABLE_NS_ASSERTIONS = NO;
				ENABLE_STRICT_OBJC_MSGSEND = YES;
				GCC_C_LANGUAGE_STANDARD = gnu11;
				GCC_NO_COMMON_BLOCKS = YES;
				GCC_WARN_64_TO_32_BIT_CONVERSION = YES;
				GCC_WARN_ABOUT_RETURN_TYPE = YES_ERROR;
				GCC_WARN_UNDECLARED_SELECTOR = YES;
				GCC_WARN_UNINITIALIZED_AUTOS = YES_AGGRESSIVE;
				GCC_WARN_UNUSED_FUNCTION = YES;
				GCC_WARN_UNUSED_VARIABLE = YES;
				IPHONEOS_DEPLOYMENT_TARGET = 12.1;
				MTL_ENABLE_DEBUG_INFO = NO;
				MTL_FAST_MATH = YES;
				SDKROOT = iphoneos;
				SWIFT_COMPILATION_MODE = wholemodule;
				SWIFT_OPTIMIZATION_LEVEL = "-O";
				VALIDATE_PRODUCT = YES;
			};
			name = Release;
		};
		20C376D121AF22260065DEE4 /* Debug */ = {
			isa = XCBuildConfiguration;
			buildSettings = {
				ASSETCATALOG_COMPILER_APPICON_NAME = AppIcon;
				CODE_SIGN_STYLE = Automatic;
				DEVELOPMENT_TEAM = C4GS38D7TG;
				INFOPLIST_FILE = SetGame/Info.plist;
				LD_RUNPATH_SEARCH_PATHS = (
					"$(inherited)",
					"@executable_path/Frameworks",
				);
				PRODUCT_BUNDLE_IDENTIFIER = "emil-programming.SetGame";
				PRODUCT_NAME = "$(TARGET_NAME)";
				SWIFT_VERSION = 4.2;
				TARGETED_DEVICE_FAMILY = "1,2";
			};
			name = Debug;
		};
		20C376D221AF22260065DEE4 /* Release */ = {
			isa = XCBuildConfiguration;
			buildSettings = {
				ASSETCATALOG_COMPILER_APPICON_NAME = AppIcon;
				CODE_SIGN_STYLE = Automatic;
				DEVELOPMENT_TEAM = C4GS38D7TG;
				INFOPLIST_FILE = SetGame/Info.plist;
				LD_RUNPATH_SEARCH_PATHS = (
					"$(inherited)",
					"@executable_path/Frameworks",
				);
				PRODUCT_BUNDLE_IDENTIFIER = "emil-programming.SetGame";
				PRODUCT_NAME = "$(TARGET_NAME)";
				SWIFT_VERSION = 4.2;
				TARGETED_DEVICE_FAMILY = "1,2";
			};
			name = Release;
		};
/* End XCBuildConfiguration section */

/* Begin XCConfigurationList section */
		20C376B921AF22250065DEE4 /* Build configuration list for PBXProject "SetGame" */ = {
			isa = XCConfigurationList;
			buildConfigurations = (
				20C376CE21AF22260065DEE4 /* Debug */,
				20C376CF21AF22260065DEE4 /* Release */,
			);
			defaultConfigurationIsVisible = 0;
			defaultConfigurationName = Release;
		};
		20C376D021AF22260065DEE4 /* Build configuration list for PBXNativeTarget "SetGame" */ = {
			isa = XCConfigurationList;
			buildConfigurations = (
				20C376D121AF22260065DEE4 /* Debug */,
				20C376D221AF22260065DEE4 /* Release */,
			);
			defaultConfigurationIsVisible = 0;
			defaultConfigurationName = Release;
		};
/* End XCConfigurationList section */
	};
	rootObject = 20C376B621AF22250065DEE4 /* Project object */;
}
